// !$*UTF8*$!
{
	archiveVersion = 1;
	classes = {
	};
	objectVersion = 50;
	objects = {

/* Begin PBXBuildFile section */
		F0EBC418256D3CEF00329B9D /* AppDelegate.swift in Sources */ = {isa = PBXBuildFile; fileRef = F0EBC417256D3CEF00329B9D /* AppDelegate.swift */; };
		F0EBC41A256D3CEF00329B9D /* SceneDelegate.swift in Sources */ = {isa = PBXBuildFile; fileRef = F0EBC419256D3CEF00329B9D /* SceneDelegate.swift */; };
		F0EBC41C256D3CEF00329B9D /* ViewController.swift in Sources */ = {isa = PBXBuildFile; fileRef = F0EBC41B256D3CEF00329B9D /* ViewController.swift */; };
		F0EBC41F256D3CEF00329B9D /* Main.storyboard in Resources */ = {isa = PBXBuildFile; fileRef = F0EBC41D256D3CEF00329B9D /* Main.storyboard */; };
		F0EBC421256D3CF200329B9D /* Assets.xcassets in Resources */ = {isa = PBXBuildFile; fileRef = F0EBC420256D3CF200329B9D /* Assets.xcassets */; };
		F0EBC424256D3CF200329B9D /* LaunchScreen.storyboard in Resources */ = {isa = PBXBuildFile; fileRef = F0EBC422256D3CF200329B9D /* LaunchScreen.storyboard */; };
		F0EBC42D256D580100329B9D /* Waifu.swift in Sources */ = {isa = PBXBuildFile; fileRef = F0EBC42C256D580100329B9D /* Waifu.swift */; };
/* End PBXBuildFile section */

/* Begin PBXFileReference section */
		F0EBC414256D3CEF00329B9D /* waifu-viewer.app */ = {isa = PBXFileReference; explicitFileType = wrapper.application; includeInIndex = 0; path = "waifu-viewer.app"; sourceTree = BUILT_PRODUCTS_DIR; };
		F0EBC417256D3CEF00329B9D /* AppDelegate.swift */ = {isa = PBXFileReference; lastKnownFileType = sourcecode.swift; path = AppDelegate.swift; sourceTree = "<group>"; };
		F0EBC419256D3CEF00329B9D /* SceneDelegate.swift */ = {isa = PBXFileReference; lastKnownFileType = sourcecode.swift; path = SceneDelegate.swift; sourceTree = "<group>"; };
		F0EBC41B256D3CEF00329B9D /* ViewController.swift */ = {isa = PBXFileReference; lastKnownFileType = sourcecode.swift; path = ViewController.swift; sourceTree = "<group>"; };
		F0EBC41E256D3CEF00329B9D /* Base */ = {isa = PBXFileReference; lastKnownFileType = file.storyboard; name = Base; path = Base.lproj/Main.storyboard; sourceTree = "<group>"; };
		F0EBC420256D3CF200329B9D /* Assets.xcassets */ = {isa = PBXFileReference; lastKnownFileType = folder.assetcatalog; path = Assets.xcassets; sourceTree = "<group>"; };
		F0EBC423256D3CF200329B9D /* Base */ = {isa = PBXFileReference; lastKnownFileType = file.storyboard; name = Base; path = Base.lproj/LaunchScreen.storyboard; sourceTree = "<group>"; };
		F0EBC425256D3CF200329B9D /* Info.plist */ = {isa = PBXFileReference; lastKnownFileType = text.plist.xml; path = Info.plist; sourceTree = "<group>"; };
		F0EBC42C256D580100329B9D /* Waifu.swift */ = {isa = PBXFileReference; lastKnownFileType = sourcecode.swift; path = Waifu.swift; sourceTree = "<group>"; };
/* End PBXFileReference section */

/* Begin PBXFrameworksBuildPhase section */
		F0EBC411256D3CEF00329B9D /* Frameworks */ = {
			isa = PBXFrameworksBuildPhase;
			buildActionMask = 2147483647;
			files = (
			);
			runOnlyForDeploymentPostprocessing = 0;
		};
/* End PBXFrameworksBuildPhase section */

/* Begin PBXGroup section */
		F0EBC40B256D3CEF00329B9D = {
			isa = PBXGroup;
			children = (
				F0EBC416256D3CEF00329B9D /* waifu-viewer */,
				F0EBC415256D3CEF00329B9D /* Products */,
			);
			sourceTree = "<group>";
		};
		F0EBC415256D3CEF00329B9D /* Products */ = {
			isa = PBXGroup;
			children = (
				F0EBC414256D3CEF00329B9D /* waifu-viewer.app */,
			);
			name = Products;
			sourceTree = "<group>";
		};
		F0EBC416256D3CEF00329B9D /* waifu-viewer */ = {
			isa = PBXGroup;
			children = (
				F0EBC417256D3CEF00329B9D /* AppDelegate.swift */,
				F0EBC419256D3CEF00329B9D /* SceneDelegate.swift */,
				F0EBC41B256D3CEF00329B9D /* ViewController.swift */,
				F0EBC41D256D3CEF00329B9D /* Main.storyboard */,
				F0EBC420256D3CF200329B9D /* Assets.xcassets */,
				F0EBC422256D3CF200329B9D /* LaunchScreen.storyboard */,
				F0EBC425256D3CF200329B9D /* Info.plist */,
				F0EBC42C256D580100329B9D /* Waifu.swift */,
			);
			path = "waifu-viewer";
			sourceTree = "<group>";
		};
/* End PBXGroup section */

/* Begin PBXNativeTarget section */
		F0EBC413256D3CEF00329B9D /* waifu-viewer */ = {
			isa = PBXNativeTarget;
			buildConfigurationList = F0EBC428256D3CF200329B9D /* Build configuration list for PBXNativeTarget "waifu-viewer" */;
			buildPhases = (
				F0EBC410256D3CEF00329B9D /* Sources */,
				F0EBC411256D3CEF00329B9D /* Frameworks */,
				F0EBC412256D3CEF00329B9D /* Resources */,
			);
			buildRules = (
			);
			dependencies = (
			);
			name = "waifu-viewer";
			productName = "waifu-viewer";
			productReference = F0EBC414256D3CEF00329B9D /* waifu-viewer.app */;
			productType = "com.apple.product-type.application";
		};
/* End PBXNativeTarget section */

/* Begin PBXProject section */
		F0EBC40C256D3CEF00329B9D /* Project object */ = {
			isa = PBXProject;
			attributes = {
				LastSwiftUpdateCheck = 1220;
				LastUpgradeCheck = 1220;
				TargetAttributes = {
					F0EBC413256D3CEF00329B9D = {
						CreatedOnToolsVersion = 12.2;
					};
				};
			};
			buildConfigurationList = F0EBC40F256D3CEF00329B9D /* Build configuration list for PBXProject "waifu-viewer" */;
			compatibilityVersion = "Xcode 9.3";
			developmentRegion = en;
			hasScannedForEncodings = 0;
			knownRegions = (
				en,
				Base,
			);
			mainGroup = F0EBC40B256D3CEF00329B9D;
			productRefGroup = F0EBC415256D3CEF00329B9D /* Products */;
			projectDirPath = "";
			projectRoot = "";
			targets = (
				F0EBC413256D3CEF00329B9D /* waifu-viewer */,
			);
		};
/* End PBXProject section */

/* Begin PBXResourcesBuildPhase section */
		F0EBC412256D3CEF00329B9D /* Resources */ = {
			isa = PBXResourcesBuildPhase;
			buildActionMask = 2147483647;
			files = (
				F0EBC424256D3CF200329B9D /* LaunchScreen.storyboard in Resources */,
				F0EBC421256D3CF200329B9D /* Assets.xcassets in Resources */,
				F0EBC41F256D3CEF00329B9D /* Main.storyboard in Resources */,
			);
			runOnlyForDeploymentPostprocessing = 0;
		};
/* End PBXResourcesBuildPhase section */

/* Begin PBXSourcesBuildPhase section */
		F0EBC410256D3CEF00329B9D /* Sources */ = {
			isa = PBXSourcesBuildPhase;
			buildActionMask = 2147483647;
			files = (
				F0EBC41C256D3CEF00329B9D /* ViewController.swift in Sources */,
				F0EBC418256D3CEF00329B9D /* AppDelegate.swift in Sources */,
				F0EBC42D256D580100329B9D /* Waifu.swift in Sources */,
				F0EBC41A256D3CEF00329B9D /* SceneDelegate.swift in Sources */,
			);
			runOnlyForDeploymentPostprocessing = 0;
		};
/* End PBXSourcesBuildPhase section */

/* Begin PBXVariantGroup section */
		F0EBC41D256D3CEF00329B9D /* Main.storyboard */ = {
			isa = PBXVariantGroup;
			children = (
				F0EBC41E256D3CEF00329B9D /* Base */,
			);
			name = Main.storyboard;
			sourceTree = "<group>";
		};
		F0EBC422256D3CF200329B9D /* LaunchScreen.storyboard */ = {
			isa = PBXVariantGroup;
			children = (
				F0EBC423256D3CF200329B9D /* Base */,
			);
			name = LaunchScreen.storyboard;
			sourceTree = "<group>";
		};
/* End PBXVariantGroup section */

/* Begin XCBuildConfiguration section */
		F0EBC426256D3CF200329B9D /* Debug */ = {
			isa = XCBuildConfiguration;
			buildSettings = {
				ALWAYS_SEARCH_USER_PATHS = NO;
				CLANG_ANALYZER_NONNULL = YES;
				CLANG_ANALYZER_NUMBER_OBJECT_CONVERSION = YES_AGGRESSIVE;
				CLANG_CXX_LANGUAGE_STANDARD = "gnu++14";
				CLANG_CXX_LIBRARY = "libc++";
				CLANG_ENABLE_MODULES = YES;
				CLANG_ENABLE_OBJC_ARC = YES;
				CLANG_ENABLE_OBJC_WEAK = YES;
				CLANG_WARN_BLOCK_CAPTURE_AUTORELEASING = YES;
				CLANG_WARN_BOOL_CONVERSION = YES;
				CLANG_WARN_COMMA = YES;
				CLANG_WARN_CONSTANT_CONVERSION = YES;
				CLANG_WARN_DEPRECATED_OBJC_IMPLEMENTATIONS = YES;
				CLANG_WARN_DIRECT_OBJC_ISA_USAGE = YES_ERROR;
				CLANG_WARN_DOCUMENTATION_COMMENTS = YES;
				CLANG_WARN_EMPTY_BODY = YES;
				CLANG_WARN_ENUM_CONVERSION = YES;
				CLANG_WARN_INFINITE_RECURSION = YES;
				CLANG_WARN_INT_CONVERSION = YES;
				CLANG_WARN_NON_LITERAL_NULL_CONVERSION = YES;
				CLANG_WARN_OBJC_IMPLICIT_RETAIN_SELF = YES;
				CLANG_WARN_OBJC_LITERAL_CONVERSION = YES;
				CLANG_WARN_OBJC_ROOT_CLASS = YES_ERROR;
				CLANG_WARN_QUOTED_INCLUDE_IN_FRAMEWORK_HEADER = YES;
				CLANG_WARN_RANGE_LOOP_ANALYSIS = YES;
				CLANG_WARN_STRICT_PROTOTYPES = YES;
				CLANG_WARN_SUSPICIOUS_MOVE = YES;
				CLANG_WARN_UNGUARDED_AVAILABILITY = YES_AGGRESSIVE;
				CLANG_WARN_UNREACHABLE_CODE = YES;
				CLANG_WARN__DUPLICATE_METHOD_MATCH = YES;
				COPY_PHASE_STRIP = NO;
				DEBUG_INFORMATION_FORMAT = dwarf;
				ENABLE_STRICT_OBJC_MSGSEND = YES;
				ENABLE_TESTABILITY = YES;
				GCC_C_LANGUAGE_STANDARD = gnu11;
				GCC_DYNAMIC_NO_PIC = NO;
				GCC_NO_COMMON_BLOCKS = YES;
				GCC_OPTIMIZATION_LEVEL = 0;
				GCC_PREPROCESSOR_DEFINITIONS = (
					"DEBUG=1",
					"$(inherited)",
				);
				GCC_WARN_64_TO_32_BIT_CONVERSION = YES;
				GCC_WARN_ABOUT_RETURN_TYPE = YES_ERROR;
				GCC_WARN_UNDECLARED_SELECTOR = YES;
				GCC_WARN_UNINITIALIZED_AUTOS = YES_AGGRESSIVE;
				GCC_WARN_UNUSED_FUNCTION = YES;
				GCC_WARN_UNUSED_VARIABLE = YES;
				IPHONEOS_DEPLOYMENT_TARGET = 14.2;
				MTL_ENABLE_DEBUG_INFO = INCLUDE_SOURCE;
				MTL_FAST_MATH = YES;
				ONLY_ACTIVE_ARCH = YES;
				SDKROOT = iphoneos;
				SWIFT_ACTIVE_COMPILATION_CONDITIONS = DEBUG;
				SWIFT_OPTIMIZATION_LEVEL = "-Onone";
			};
			name = Debug;
		};
		F0EBC427256D3CF200329B9D /* Release */ = {
			isa = XCBuildConfiguration;
			buildSettings = {
				ALWAYS_SEARCH_USER_PATHS = NO;
				CLANG_ANALYZER_NONNULL = YES;
				CLANG_ANALYZER_NUMBER_OBJECT_CONVERSION = YES_AGGRESSIVE;
				CLANG_CXX_LANGUAGE_STANDARD = "gnu++14";
				CLANG_CXX_LIBRARY = "libc++";
				CLANG_ENABLE_MODULES = YES;
				CLANG_ENABLE_OBJC_ARC = YES;
				CLANG_ENABLE_OBJC_WEAK = YES;
				CLANG_WARN_BLOCK_CAPTURE_AUTORELEASING = YES;
				CLANG_WARN_BOOL_CONVERSION = YES;
				CLANG_WARN_COMMA = YES;
				CLANG_WARN_CONSTANT_CONVERSION = YES;
				CLANG_WARN_DEPRECATED_OBJC_IMPLEMENTATIONS = YES;
				CLANG_WARN_DIRECT_OBJC_ISA_USAGE = YES_ERROR;
				CLANG_WARN_DOCUMENTATION_COMMENTS = YES;
				CLANG_WARN_EMPTY_BODY = YES;
				CLANG_WARN_ENUM_CONVERSION = YES;
				CLANG_WARN_INFINITE_RECURSION = YES;
				CLANG_WARN_INT_CONVERSION = YES;
				CLANG_WARN_NON_LITERAL_NULL_CONVERSION = YES;
				CLANG_WARN_OBJC_IMPLICIT_RETAIN_SELF = YES;
				CLANG_WARN_OBJC_LITERAL_CONVERSION = YES;
				CLANG_WARN_OBJC_ROOT_CLASS = YES_ERROR;
				CLANG_WARN_QUOTED_INCLUDE_IN_FRAMEWORK_HEADER = YES;
				CLANG_WARN_RANGE_LOOP_ANALYSIS = YES;
				CLANG_WARN_STRICT_PROTOTYPES = YES;
				CLANG_WARN_SUSPICIOUS_MOVE = YES;
				CLANG_WARN_UNGUARDED_AVAILABILITY = YES_AGGRESSIVE;
				CLANG_WARN_UNREACHABLE_CODE = YES;
				CLANG_WARN__DUPLICATE_METHOD_MATCH = YES;
				COPY_PHASE_STRIP = NO;
				DEBUG_INFORMATION_FORMAT = "dwarf-with-dsym";
				ENABLE_NS_ASSERTIONS = NO;
				ENABLE_STRICT_OBJC_MSGSEND = YES;
				GCC_C_LANGUAGE_STANDARD = gnu11;
				GCC_NO_COMMON_BLOCKS = YES;
				GCC_WARN_64_TO_32_BIT_CONVERSION = YES;
				GCC_WARN_ABOUT_RETURN_TYPE = YES_ERROR;
				GCC_WARN_UNDECLARED_SELECTOR = YES;
				GCC_WARN_UNINITIALIZED_AUTOS = YES_AGGRESSIVE;
				GCC_WARN_UNUSED_FUNCTION = YES;
				GCC_WARN_UNUSED_VARIABLE = YES;
				IPHONEOS_DEPLOYMENT_TARGET = 14.2;
				MTL_ENABLE_DEBUG_INFO = NO;
				MTL_FAST_MATH = YES;
				SDKROOT = iphoneos;
				SWIFT_COMPILATION_MODE = wholemodule;
				SWIFT_OPTIMIZATION_LEVEL = "-O";
				VALIDATE_PRODUCT = YES;
			};
			name = Release;
		};
		F0EBC429256D3CF200329B9D /* Debug */ = {
			isa = XCBuildConfiguration;
			buildSettings = {
				ASSETCATALOG_COMPILER_APPICON_NAME = AppIcon;
				ASSETCATALOG_COMPILER_GLOBAL_ACCENT_COLOR_NAME = AccentColor;
				CODE_SIGN_STYLE = Automatic;
				INFOPLIST_FILE = "waifu-viewer/Info.plist";
				LD_RUNPATH_SEARCH_PATHS = (
					"$(inherited)",
					"@executable_path/Frameworks",
				);
				PRODUCT_BUNDLE_IDENTIFIER = "com.vivicoheng59.waifu-viewer";
				PRODUCT_NAME = "$(TARGET_NAME)";
				SWIFT_VERSION = 5.0;
				TARGETED_DEVICE_FAMILY = "1,2";
			};
			name = Debug;
		};
		F0EBC42A256D3CF200329B9D /* Release */ = {
			isa = XCBuildConfiguration;
			buildSettings = {
				ASSETCATALOG_COMPILER_APPICON_NAME = AppIcon;
				ASSETCATALOG_COMPILER_GLOBAL_ACCENT_COLOR_NAME = AccentColor;
				CODE_SIGN_STYLE = Automatic;
				INFOPLIST_FILE = "waifu-viewer/Info.plist";
				LD_RUNPATH_SEARCH_PATHS = (
					"$(inherited)",
					"@executable_path/Frameworks",
				);
				PRODUCT_BUNDLE_IDENTIFIER = "com.vivicoheng59.waifu-viewer";
				PRODUCT_NAME = "$(TARGET_NAME)";
				SWIFT_VERSION = 5.0;
				TARGETED_DEVICE_FAMILY = "1,2";
			};
			name = Release;
		};
/* End XCBuildConfiguration section */

/* Begin XCConfigurationList section */
		F0EBC40F256D3CEF00329B9D /* Build configuration list for PBXProject "waifu-viewer" */ = {
			isa = XCConfigurationList;
			buildConfigurations = (
				F0EBC426256D3CF200329B9D /* Debug */,
				F0EBC427256D3CF200329B9D /* Release */,
			);
			defaultConfigurationIsVisible = 0;
			defaultConfigurationName = Release;
		};
		F0EBC428256D3CF200329B9D /* Build configuration list for PBXNativeTarget "waifu-viewer" */ = {
			isa = XCConfigurationList;
			buildConfigurations = (
				F0EBC429256D3CF200329B9D /* Debug */,
				F0EBC42A256D3CF200329B9D /* Release */,
			);
			defaultConfigurationIsVisible = 0;
			defaultConfigurationName = Release;
		};
/* End XCConfigurationList section */
	};
	rootObject = F0EBC40C256D3CEF00329B9D /* Project object */;
}
